
Microsoft Visual Studio Solution File, Format Version 12.00
# Visual Studio Version 16
VisualStudioVersion = 16.0.32929.386
MinimumVisualStudioVersion = 10.0.40219.1
Project("{FAE04EC0-301F-11D3-BF4B-00C04F79EFBC}") = "BooleanToValueConverterExample", "BooleanToValueConverterExample\BooleanToValueConverterExample.csproj", "{7BA23215-EB73-4B18-8DDF-EA9A88243C86}"
EndProject
Project("{FAE04EC0-301F-11D3-BF4B-00C04F79EFBC}") = "MultiplePropPocoValueConverter", "MultiplePropPocoValueConverter\MultiplePropPocoValueConverter.csproj", "{A318DD61-46FE-4252-A19E-1A816EAE25EB}"
EndProject
Project("{FAE04EC0-301F-11D3-BF4B-00C04F79EFBC}") = "BindingToEnumValues", "BindingToEnumValues\BindingToEnumValues.csproj", "{3351C9F8-5B3E-400F-B001-1D188A586856}"
EndProject
Project("{2150E333-8FDC-42A3-9474-1A3956D46DE8}") = "Chapter 2", "Chapter 2", "{682955E9-E5E8-428E-BBB8-3E8863A29DF2}"
EndProject
Project("{FAE04EC0-301F-11D3-BF4B-00C04F79EFBC}") = "RedirectDebugOutputToATextFile", "RedirectDebugOutputToATextFile\RedirectDebugOutputToATextFile.csproj", "{759B2E39-D6A5-41EB-A5CC-A4A15135D80E}"
EndProject
Project("{FAE04EC0-301F-11D3-BF4B-00C04F79EFBC}") = "PresentationTraceSourcesProperty", "PresentationTraceSourcesProperty\PresentationTraceSourcesProperty.csproj", "{9FAB11F4-75B4-45FB-8547-203CC577F088}"
EndProject
Project("{FAE04EC0-301F-11D3-BF4B-00C04F79EFBC}") = "ButtonWithOwnControlTemplate", "ButtonWithOwnControlTemplate\ButtonWithOwnControlTemplate.csproj", "{FBB2D8BB-FA63-4BD6-9157-C0C808DE9B0E}"
EndProject
Project("{FAE04EC0-301F-11D3-BF4B-00C04F79EFBC}") = "ButtonStyles", "ButtonStyles\ButtonStyles.csproj", "{8B456D9A-1F28-4CD3-B6BB-A87DAE2C68B6}"
EndProject
Project("{FAE04EC0-301F-11D3-BF4B-00C04F79EFBC}") = "DataTemplate", "DataTemplate\DataTemplate.csproj", "{ABAE9FD0-3E8B-4FA2-8F72-21D32E507CC0}"
EndProject
Global
	GlobalSection(SolutionConfigurationPlatforms) = preSolution
		Debug|Any CPU = Debug|Any CPU
		Release|Any CPU = Release|Any CPU
	EndGlobalSection
	GlobalSection(ProjectConfigurationPlatforms) = postSolution
		{7BA23215-EB73-4B18-8DDF-EA9A88243C86}.Debug|Any CPU.ActiveCfg = Debug|Any CPU
		{7BA23215-EB73-4B18-8DDF-EA9A88243C86}.Debug|Any CPU.Build.0 = Debug|Any CPU
		{7BA23215-EB73-4B18-8DDF-EA9A88243C86}.Release|Any CPU.ActiveCfg = Release|Any CPU
		{7BA23215-EB73-4B18-8DDF-EA9A88243C86}.Release|Any CPU.Build.0 = Release|Any CPU
		{A318DD61-46FE-4252-A19E-1A816EAE25EB}.Debug|Any CPU.ActiveCfg = Debug|Any CPU
		{A318DD61-46FE-4252-A19E-1A816EAE25EB}.Debug|Any CPU.Build.0 = Debug|Any CPU
		{A318DD61-46FE-4252-A19E-1A816EAE25EB}.Release|Any CPU.ActiveCfg = Release|Any CPU
		{A318DD61-46FE-4252-A19E-1A816EAE25EB}.Release|Any CPU.Build.0 = Release|Any CPU
		{3351C9F8-5B3E-400F-B001-1D188A586856}.Debug|Any CPU.ActiveCfg = Debug|Any CPU
		{3351C9F8-5B3E-400F-B001-1D188A586856}.Debug|Any CPU.Build.0 = Debug|Any CPU
		{3351C9F8-5B3E-400F-B001-1D188A586856}.Release|Any CPU.ActiveCfg = Release|Any CPU
		{3351C9F8-5B3E-400F-B001-1D188A586856}.Release|Any CPU.Build.0 = Release|Any CPU
		{759B2E39-D6A5-41EB-A5CC-A4A15135D80E}.Debug|Any CPU.ActiveCfg = Debug|Any CPU
		{759B2E39-D6A5-41EB-A5CC-A4A15135D80E}.Debug|Any CPU.Build.0 = Debug|Any CPU
		{759B2E39-D6A5-41EB-A5CC-A4A15135D80E}.Release|Any CPU.ActiveCfg = Release|Any CPU
		{759B2E39-D6A5-41EB-A5CC-A4A15135D80E}.Release|Any CPU.Build.0 = Release|Any CPU
		{9FAB11F4-75B4-45FB-8547-203CC577F088}.Debug|Any CPU.ActiveCfg = Debug|Any CPU
		{9FAB11F4-75B4-45FB-8547-203CC577F088}.Debug|Any CPU.Build.0 = Debug|Any CPU
		{9FAB11F4-75B4-45FB-8547-203CC577F088}.Release|Any CPU.ActiveCfg = Release|Any CPU
		{9FAB11F4-75B4-45FB-8547-203CC577F088}.Release|Any CPU.Build.0 = Release|Any CPU
		{FBB2D8BB-FA63-4BD6-9157-C0C808DE9B0E}.Debug|Any CPU.ActiveCfg = Debug|Any CPU
		{FBB2D8BB-FA63-4BD6-9157-C0C808DE9B0E}.Debug|Any CPU.Build.0 = Debug|Any CPU
		{FBB2D8BB-FA63-4BD6-9157-C0C808DE9B0E}.Release|Any CPU.ActiveCfg = Release|Any CPU
		{FBB2D8BB-FA63-4BD6-9157-C0C808DE9B0E}.Release|Any CPU.Build.0 = Release|Any CPU
		{8B456D9A-1F28-4CD3-B6BB-A87DAE2C68B6}.Debug|Any CPU.ActiveCfg = Debug|Any CPU
		{8B456D9A-1F28-4CD3-B6BB-A87DAE2C68B6}.Debug|Any CPU.Build.0 = Debug|Any CPU
		{8B456D9A-1F28-4CD3-B6BB-A87DAE2C68B6}.Release|Any CPU.ActiveCfg = Release|Any CPU
		{8B456D9A-1F28-4CD3-B6BB-A87DAE2C68B6}.Release|Any CPU.Build.0 = Release|Any CPU
		{ABAE9FD0-3E8B-4FA2-8F72-21D32E507CC0}.Debug|Any CPU.ActiveCfg = Debug|Any CPU
		{ABAE9FD0-3E8B-4FA2-8F72-21D32E507CC0}.Debug|Any CPU.Build.0 = Debug|Any CPU
		{ABAE9FD0-3E8B-4FA2-8F72-21D32E507CC0}.Release|Any CPU.ActiveCfg = Release|Any CPU
		{ABAE9FD0-3E8B-4FA2-8F72-21D32E507CC0}.Release|Any CPU.Build.0 = Release|Any CPU
	EndGlobalSection
	GlobalSection(SolutionProperties) = preSolution
		HideSolutionNode = FALSE
	EndGlobalSection
	GlobalSection(NestedProjects) = preSolution
		{7BA23215-EB73-4B18-8DDF-EA9A88243C86} = {682955E9-E5E8-428E-BBB8-3E8863A29DF2}
		{A318DD61-46FE-4252-A19E-1A816EAE25EB} = {682955E9-E5E8-428E-BBB8-3E8863A29DF2}
		{3351C9F8-5B3E-400F-B001-1D188A586856} = {682955E9-E5E8-428E-BBB8-3E8863A29DF2}
		{759B2E39-D6A5-41EB-A5CC-A4A15135D80E} = {682955E9-E5E8-428E-BBB8-3E8863A29DF2}
		{9FAB11F4-75B4-45FB-8547-203CC577F088} = {682955E9-E5E8-428E-BBB8-3E8863A29DF2}
		{FBB2D8BB-FA63-4BD6-9157-C0C808DE9B0E} = {682955E9-E5E8-428E-BBB8-3E8863A29DF2}
		{8B456D9A-1F28-4CD3-B6BB-A87DAE2C68B6} = {682955E9-E5E8-428E-BBB8-3E8863A29DF2}
		{ABAE9FD0-3E8B-4FA2-8F72-21D32E507CC0} = {682955E9-E5E8-428E-BBB8-3E8863A29DF2}
	EndGlobalSection
	GlobalSection(ExtensibilityGlobals) = postSolution
		SolutionGuid = {16BC9E2C-8914-4FE0-9F16-5776ADD3204D}
	EndGlobalSection
EndGlobal
