
Microsoft Visual Studio Solution File, Format Version 12.00
# Visual Studio Version 16
VisualStudioVersion = 16.0.34031.81
MinimumVisualStudioVersion = 10.0.40219.1
Project("{FAE04EC0-301F-11D3-BF4B-00C04F79EFBC}") = "ViewModel", "ViewModel\ViewModel.csproj", "{4DC7787A-722F-434F-A3CB-33A82D73B9F2}"
EndProject
Project("{FAE04EC0-301F-11D3-BF4B-00C04F79EFBC}") = "Model", "Model\Model.csproj", "{1CAA65A6-C3A9-4372-82A6-010C2A7074E7}"
EndProject
Global
	GlobalSection(SolutionConfigurationPlatforms) = preSolution
		Debug|Any CPU = Debug|Any CPU
		Release|Any CPU = Release|Any CPU
	EndGlobalSection
	GlobalSection(ProjectConfigurationPlatforms) = postSolution
		{4DC7787A-722F-434F-A3CB-33A82D73B9F2}.Debug|Any CPU.ActiveCfg = Debug|Any CPU
		{4DC7787A-722F-434F-A3CB-33A82D73B9F2}.Debug|Any CPU.Build.0 = Debug|Any CPU
		{4DC7787A-722F-434F-A3CB-33A82D73B9F2}.Release|Any CPU.ActiveCfg = Release|Any CPU
		{4DC7787A-722F-434F-A3CB-33A82D73B9F2}.Release|Any CPU.Build.0 = Release|Any CPU
		{1CAA65A6-C3A9-4372-82A6-010C2A7074E7}.Debug|Any CPU.ActiveCfg = Debug|Any CPU
		{1CAA65A6-C3A9-4372-82A6-010C2A7074E7}.Debug|Any CPU.Build.0 = Debug|Any CPU
		{1CAA65A6-C3A9-4372-82A6-010C2A7074E7}.Release|Any CPU.ActiveCfg = Release|Any CPU
		{1CAA65A6-C3A9-4372-82A6-010C2A7074E7}.Release|Any CPU.Build.0 = Release|Any CPU
	EndGlobalSection
	GlobalSection(SolutionProperties) = preSolution
		HideSolutionNode = FALSE
	EndGlobalSection
	GlobalSection(ExtensibilityGlobals) = postSolution
		SolutionGuid = {CB278ABC-6C3A-468E-A506-D042AD7EDE46}
	EndGlobalSection
EndGlobal
