
Microsoft Visual Studio Solution File, Format Version 12.00
# Visual Studio Version 16
VisualStudioVersion = 16.0.33328.57
MinimumVisualStudioVersion = 10.0.40219.1
Project("{FAE04EC0-301F-11D3-BF4B-00C04F79EFBC}") = "MvvmWpfApp.View", "MvvmWpfApp.View\MvvmWpfApp.View.csproj", "{7B45BFDA-696D-4C6D-8648-0C839B5A33C3}"
EndProject
Project("{FAE04EC0-301F-11D3-BF4B-00C04F79EFBC}") = "MvvmWpfApp.ViewModel", "MvvmWpfApp.ViewModel\MvvmWpfApp.ViewModel.csproj", "{9C5D4808-1EF5-4920-97FC-9DCA39B1789C}"
EndProject
Project("{FAE04EC0-301F-11D3-BF4B-00C04F79EFBC}") = "MvvmWpfAppApp.Model", "MvvmWpfAppApp.Model\MvvmWpfAppApp.Model.csproj", "{02146D03-1C44-4E78-9193-C8DC7CDD11B5}"
EndProject
Global
	GlobalSection(SolutionConfigurationPlatforms) = preSolution
		Debug|Any CPU = Debug|Any CPU
		Release|Any CPU = Release|Any CPU
	EndGlobalSection
	GlobalSection(ProjectConfigurationPlatforms) = postSolution
		{7B45BFDA-696D-4C6D-8648-0C839B5A33C3}.Debug|Any CPU.ActiveCfg = Debug|Any CPU
		{7B45BFDA-696D-4C6D-8648-0C839B5A33C3}.Debug|Any CPU.Build.0 = Debug|Any CPU
		{7B45BFDA-696D-4C6D-8648-0C839B5A33C3}.Release|Any CPU.ActiveCfg = Release|Any CPU
		{7B45BFDA-696D-4C6D-8648-0C839B5A33C3}.Release|Any CPU.Build.0 = Release|Any CPU
		{9C5D4808-1EF5-4920-97FC-9DCA39B1789C}.Debug|Any CPU.ActiveCfg = Debug|Any CPU
		{9C5D4808-1EF5-4920-97FC-9DCA39B1789C}.Debug|Any CPU.Build.0 = Debug|Any CPU
		{9C5D4808-1EF5-4920-97FC-9DCA39B1789C}.Release|Any CPU.ActiveCfg = Release|Any CPU
		{9C5D4808-1EF5-4920-97FC-9DCA39B1789C}.Release|Any CPU.Build.0 = Release|Any CPU
		{02146D03-1C44-4E78-9193-C8DC7CDD11B5}.Debug|Any CPU.ActiveCfg = Debug|Any CPU
		{02146D03-1C44-4E78-9193-C8DC7CDD11B5}.Debug|Any CPU.Build.0 = Debug|Any CPU
		{02146D03-1C44-4E78-9193-C8DC7CDD11B5}.Release|Any CPU.ActiveCfg = Release|Any CPU
		{02146D03-1C44-4E78-9193-C8DC7CDD11B5}.Release|Any CPU.Build.0 = Release|Any CPU
	EndGlobalSection
	GlobalSection(SolutionProperties) = preSolution
		HideSolutionNode = FALSE
	EndGlobalSection
	GlobalSection(ExtensibilityGlobals) = postSolution
		SolutionGuid = {1B927FE3-98CD-4E7B-A7BB-6ABBE5572D76}
	EndGlobalSection
EndGlobal
